
Microsoft Visual Studio Solution File, Format Version 12.00
# Visual Studio 15
VisualStudioVersion = 15.0.28307.1062
MinimumVisualStudioVersion = 10.0.40219.1
Project("{FAE04EC0-301F-11D3-BF4B-00C04F79EFBC}") = "API_clientes", "API_clientes\API_clientes.csproj", "{A9E691A7-2B41-4969-B3D2-CAC6DC0DFA24}"
EndProject
Global
	GlobalSection(SolutionConfigurationPlatforms) = preSolution
		Debug|Any CPU = Debug|Any CPU
		Release|Any CPU = Release|Any CPU
	EndGlobalSection
	GlobalSection(ProjectConfigurationPlatforms) = postSolution
		{A9E691A7-2B41-4969-B3D2-CAC6DC0DFA24}.Debug|Any CPU.ActiveCfg = Debug|Any CPU
		{A9E691A7-2B41-4969-B3D2-CAC6DC0DFA24}.Debug|Any CPU.Build.0 = Debug|Any CPU
		{A9E691A7-2B41-4969-B3D2-CAC6DC0DFA24}.Release|Any CPU.ActiveCfg = Release|Any CPU
		{A9E691A7-2B41-4969-B3D2-CAC6DC0DFA24}.Release|Any CPU.Build.0 = Release|Any CPU
	EndGlobalSection
	GlobalSection(SolutionProperties) = preSolution
		HideSolutionNode = FALSE
	EndGlobalSection
	GlobalSection(ExtensibilityGlobals) = postSolution
		SolutionGuid = {5E161A1F-9048-452C-BC03-44B0BBD94619}
	EndGlobalSection
EndGlobal
